
Microsoft Visual Studio Solution File, Format Version 12.00
# Visual Studio Version 17
VisualStudioVersion = 17.3.32804.467
MinimumVisualStudioVersion = 10.0.40219.1
Project("{FAE04EC0-301F-11D3-BF4B-00C04F79EFBC}") = "DataBaseConnection", "DataBaseConnection\DataBaseConnection.csproj", "{61B5D550-5540-410F-8DAE-B3C21759736D}"
EndProject
Global
	GlobalSection(SolutionConfigurationPlatforms) = preSolution
		Debug|Any CPU = Debug|Any CPU
		Release|Any CPU = Release|Any CPU
	EndGlobalSection
	GlobalSection(ProjectConfigurationPlatforms) = postSolution
		{61B5D550-5540-410F-8DAE-B3C21759736D}.Debug|Any CPU.ActiveCfg = Debug|Any CPU
		{61B5D550-5540-410F-8DAE-B3C21759736D}.Debug|Any CPU.Build.0 = Debug|Any CPU
		{61B5D550-5540-410F-8DAE-B3C21759736D}.Release|Any CPU.ActiveCfg = Release|Any CPU
		{61B5D550-5540-410F-8DAE-B3C21759736D}.Release|Any CPU.Build.0 = Release|Any CPU
	EndGlobalSection
	GlobalSection(SolutionProperties) = preSolution
		HideSolutionNode = FALSE
	EndGlobalSection
	GlobalSection(ExtensibilityGlobals) = postSolution
		SolutionGuid = {50D50F91-CB74-4561-8378-3FA101107A4C}
	EndGlobalSection
EndGlobal
