
Microsoft Visual Studio Solution File, Format Version 12.00
# Visual Studio Version 17
VisualStudioVersion = 17.3.32804.467
MinimumVisualStudioVersion = 10.0.40219.1
Project("{FAE04EC0-301F-11D3-BF4B-00C04F79EFBC}") = "ATM", "ATM.csproj", "{4E302369-51E2-434A-9249-B3E93EB457EA}"
EndProject
Global
	GlobalSection(SolutionConfigurationPlatforms) = preSolution
		Debug|Any CPU = Debug|Any CPU
		Release|Any CPU = Release|Any CPU
	EndGlobalSection
	GlobalSection(ProjectConfigurationPlatforms) = postSolution
		{4E302369-51E2-434A-9249-B3E93EB457EA}.Debug|Any CPU.ActiveCfg = Debug|Any CPU
		{4E302369-51E2-434A-9249-B3E93EB457EA}.Debug|Any CPU.Build.0 = Debug|Any CPU
		{4E302369-51E2-434A-9249-B3E93EB457EA}.Release|Any CPU.ActiveCfg = Release|Any CPU
		{4E302369-51E2-434A-9249-B3E93EB457EA}.Release|Any CPU.Build.0 = Release|Any CPU
	EndGlobalSection
	GlobalSection(SolutionProperties) = preSolution
		HideSolutionNode = FALSE
	EndGlobalSection
	GlobalSection(ExtensibilityGlobals) = postSolution
		SolutionGuid = {E42D2A37-BA7A-45BD-9A9D-EB154E167B58}
	EndGlobalSection
EndGlobal
